
Microsoft Visual Studio Solution File, Format Version 12.00
# Visual Studio Version 16
VisualStudioVersion = 16.0.30320.27
MinimumVisualStudioVersion = 10.0.40219.1
Project("{FAE04EC0-301F-11D3-BF4B-00C04F79EFBC}") = "hava_durumu", "hava_durumu\hava_durumu.csproj", "{581F8CBB-9CDE-4D6E-8EBC-8713B11ADE54}"
EndProject
Global
	GlobalSection(SolutionConfigurationPlatforms) = preSolution
		Debug|Any CPU = Debug|Any CPU
		Release|Any CPU = Release|Any CPU
	EndGlobalSection
	GlobalSection(ProjectConfigurationPlatforms) = postSolution
		{581F8CBB-9CDE-4D6E-8EBC-8713B11ADE54}.Debug|Any CPU.ActiveCfg = Debug|Any CPU
		{581F8CBB-9CDE-4D6E-8EBC-8713B11ADE54}.Debug|Any CPU.Build.0 = Debug|Any CPU
		{581F8CBB-9CDE-4D6E-8EBC-8713B11ADE54}.Release|Any CPU.ActiveCfg = Release|Any CPU
		{581F8CBB-9CDE-4D6E-8EBC-8713B11ADE54}.Release|Any CPU.Build.0 = Release|Any CPU
	EndGlobalSection
	GlobalSection(SolutionProperties) = preSolution
		HideSolutionNode = FALSE
	EndGlobalSection
	GlobalSection(ExtensibilityGlobals) = postSolution
		SolutionGuid = {820A412B-332B-4612-8EEA-A28E9C53D854}
	EndGlobalSection
EndGlobal
